version = 1
revision = 3
requires-python = "==3.12.*"

[[package]]
name = "bikeplan"
version = "0.1.0"
source = { editable = "." }

[package.dev-dependencies]
dev = [
    { name = "pytest" },
    { name = "pytest-cov" },
    { name = "ruff" },
    { name = "textstat" },
]

[package.metadata]

[package.metadata.requires-dev]
dev = [
    { name = "pytest", specifier = ">=8.3" },
    { name = "pytest-cov", specifier = ">=6.0" },
    { name = "ruff", specifier = ">=0.12" },
    { name = "textstat", specifier = "==0.7.13" },
]

[[package]]
name = "click"
version = "8.5.0"
source = { registry = "https://pypi.org/simple" }
sdist = { url = "https://files.pythonhosted.org/packages/c7/0e/7fa0ef50764b67090eca4114772a2abf8b6148198475e54c660b97caeee6/click-8.5.0.tar.gz", hash = "sha256:ba0d2089de75ea0310e2dde03160e6ca10009947fb95a182f9b54021bb272e34", size = 382235, upload-time = "2026-08-26T13:33:14.56Z" }
wheels = [
    { url = "https://files.pythonhosted.org/packages/58/50/6c0d534c5f134586a8e1ba4e330569e32f057e33372ae556463212fb4cd3/click-8.5.0-py3-none-any.whl", hash = "sha256:255bc9599cf7748b4b1a446ccc735421bd08a2ae529a8b88597d3de5664ee360", size = 125251, upload-time = "2026-08-26T13:33:12.928Z" },
]

[[package]]
name = "cloudpickle"
version = "3.1.2"
source = { registry = "https://pypi.org/simple" }
sdist = { url = "https://files.pythonhosted.org/packages/27/fb/576f067976d320f5f0114a8d9fa1215425441bb35627b1993e5afd8111e5/cloudpickle-3.1.2.tar.gz", hash = "sha256:7fda9eb655c9c230dab534f1983763de5835249750e85fbcef43aaa30a9a2414", size = 22330, upload-time = "2025-11-03T09:25:26.604Z" }
wheels = [
    { url = "https://files.pythonhosted.org/packages/88/39/799be3f2f0f38cc727ee3b4f1445fe6d5e4133064ec2e4115069418a5bb6/cloudpickle-3.1.2-py3-none-any.whl", hash = "sha256:9acb47f6afd73f60dc1df93bb801b472f05ff42fa6c84167d25cb206be1fbf4a", size = 22228, upload-time = "2025-11-03T09:25:25.534Z" },
]

[[package]]
name = "colorama"
version = "0.4.6"
source = { registry = "https://pypi.org/simple" }
sdist = { url = "https://files.pythonhosted.org/packages/d8/53/6f443c9a4a8358a93a6792e2acffb9d9d5cb0a5cfd8802644b7b1c9a02e4/colorama-0.4.6.tar.gz", hash = "sha256:08695f5cb7ed6e0531a20572697297273c47b8cae5a63ffc6d6ed5c201be6e44", size = 27697, upload-time = "2022-10-25T02:36:22.414Z" }
wheels = [
    { url = "https://files.pythonhosted.org/packages/d1/d6/3965ed04c63042e047cb6a3e6ed1a63a35087b6a609aa3a15ed8ac56c221/colorama-0.4.6-py2.py3-none-any.whl", hash = "sha256:4f1d9991f5acc0ca119f9d443620b77f9d6b33703e51011c16baf57afb285fc6", size = 25335, upload-time = "2022-10-25T02:36:20.889Z" },
]

[[package]]
name = "coverage"
version = "7.16.2"
source = { registry = "https://pypi.org/simple" }
sdist = { url = "https://files.pythonhosted.org/packages/2f/55/d1eaf3e73781174340a00dc1ba2aee8a65f82fadb18e2797b192b6b3925b/coverage-7.16.2.tar.gz", hash = "sha256:ca64d9f1f384f151b9511bec01126072acd2f313439f8ed015a22d8790aab6fa", size = 971999, upload-time = "2026-09-27T12:29:01.118Z" }
wheels = [
    { url = "https://files.pythonhosted.org/packages/5e/2c/f8296c63c5d542f3d21aed685e56b7031a419037d155bb3382fc0940d249/coverage-7.16.2-cp312-cp312-macosx_10_13_x86_64.whl", hash = "sha256:218d742afca2b5ad5ca759e93eddedfbcc6eadf8322f080dcefc40b7bd4e2d48", size = 223969, upload-time = "2026-09-27T12:26:16.753Z" },
    { url = "https://files.pythonhosted.org/packages/90/23/6f3dcb1423a0d43216e402ea1746e4a7c7c44f38896b97dd573790f56a40/coverage-7.16.2-cp312-cp312-macosx_11_0_arm64.whl", hash = "sha256:a9a638be322a8d76a41cdb17781c7f82aaee6a66493d8ffb7e2c09ee22423d99", size = 224328, upload-time = "2026-09-27T12:26:18.15Z" },
    { url = "https://files.pythonhosted.org/packages/ac/7d/8f3b6dc920e3fc6732f7678785a2091db439f186afbec30dbf2214d9b1f7/coverage-7.16.2-cp312-cp312-manylinux1_i686.manylinux_2_28_i686.manylinux_2_5_i686.whl", hash = "sha256:724bd0f1e81856b35e59fc98cf7b4e544a3cb662e4e0864dca73d4326ee9d808", size = 255832, upload-time = "2026-09-27T12:26:19.799Z" },
    { url = "https://files.pythonhosted.org/packages/d1/36/6c45f15be4eca4ac1062c6a55a323286494c99726a7e58951fe85967ac08/coverage-7.16.2-cp312-cp312-manylinux1_x86_64.manylinux_2_28_x86_64.manylinux_2_5_x86_64.whl", hash = "sha256:5375ebd99038021b35e99dc88255022912c06565d316212f4a576e4b08d30f5d", size = 258571, upload-time = "2026-09-27T12:26:21.199Z" },
    { url = "https://files.pythonhosted.org/packages/34/fb/b54cbeba3ad89082c2e441278681859e538322cc34b84b2af7ebff00080f/coverage-7.16.2-cp312-cp312-manylinux2014_aarch64.manylinux_2_17_aarch64.manylinux_2_28_aarch64.whl", hash = "sha256:7a076277ca9f5750cc230f0f578ebd2620cec60255b25707361699fef6fb465c", size = 259680, upload-time = "2026-09-27T12:26:22.822Z" },
    { url = "https://files.pythonhosted.org/packages/6e/a2/0dc65ec3d61930e1e4c2e371763b15eb4290896eb343a12d5d3091308116/coverage-7.16.2-cp312-cp312-manylinux2014_ppc64le.manylinux_2_17_ppc64le.manylinux_2_28_ppc64le.whl", hash = "sha256:58d4a54c6ea672afef66d49be922a2c69826c5ae1a42a9cd94f0c9c2bacdf800", size = 261945, upload-time = "2026-09-27T12:26:24.336Z" },
    { url = "https://files.pythonhosted.org/packages/d6/93/5fad7a61f2c14e08e98946fc31c1c7ffc1195061bf3fdc351db3be77a863/coverage-7.16.2-cp312-cp312-manylinux_2_31_riscv64.manylinux_2_39_riscv64.whl", hash = "sha256:0dcbcfcc059117284c603ff8cb61a65872512882f84a8cf0339241f7f7c2f148", size = 256191, upload-time = "2026-09-27T12:26:25.89Z" },
    { url = "https://files.pythonhosted.org/packages/2d/47/74e5de9227b939ece9f64e729645ddc4296bea10dbfa98721c1333c8be2e/coverage-7.16.2-cp312-cp312-musllinux_1_2_aarch64.whl", hash = "sha256:afdf43b72ef3876c1fe66423b91466e37877c9e81e8cec70542b7e8525b9d1b7", size = 257610, upload-time = "2026-09-27T12:26:27.35Z" },
    { url = "https://files.pythonhosted.org/packages/13/fe/2cf28d40b43645d1b72388fe3ee7f7c747533a6a9557bb8c24a7ae74fe1a/coverage-7.16.2-cp312-cp312-musllinux_1_2_i686.whl", hash = "sha256:9acc7f7ec4a1b5f89bd929fde5b8a714f6fafdc6cc18725413d510aa082b47ad", size = 255757, upload-time = "2026-09-27T12:26:28.949Z" },
    { url = "https://files.pythonhosted.org/packages/d7/3d/7c149fd99fc8bbc39c80db5e688d1d39fd040be2ecb78b8335a51a55b9c0/coverage-7.16.2-cp312-cp312-musllinux_1_2_ppc64le.whl", hash = "sha256:80d3f7b48d43ee8fc5e8707a8adb43d743a5a1a85256c25a24f9d6d0e2238fa6", size = 259822, upload-time = "2026-09-27T12:26:30.515Z" },
    { url = "https://files.pythonhosted.org/packages/e6/3f/b283fce09d5995e227bd8e513358dd7471bedc0f78abc85a925ebdb0a2f6/coverage-7.16.2-cp312-cp312-musllinux_1_2_riscv64.whl", hash = "sha256:126d1af8804d7224421fe991ff65d3ce649081560df7a98b1a5ffff07f9923bd", size = 255325, upload-time = "2026-09-27T12:26:32.037Z" },
    { url = "https://files.pythonhosted.org/packages/bf/91/f3325edf0c4223fb1fe1532b8dbef2a1d2f729459a9a7d1a44d073bae534/coverage-7.16.2-cp312-cp312-musllinux_1_2_x86_64.whl", hash = "sha256:c19cd6d025c1673f22afcd22c7df8a662d779e05d8e3fa6820c22afb895b0206", size = 257191, upload-time = "2026-09-27T12:26:33.525Z" },
    { url = "https://files.pythonhosted.org/packages/c4/89/21eb5e83ecf2eed523c4eb3d65ae513cd082c8fd1b6deb34c4cb6c332f97/coverage-7.16.2-cp312-cp312-win32.whl", hash = "sha256:152877cdc8a07264882cfcd503ba56a3ef6cba56a70e8c70f6eb8ffd7384789a", size = 226034, upload-time = "2026-09-27T12:26:35.021Z" },
    { url = "https://files.pythonhosted.org/packages/db/de/e3ad6d864c0833624b4f1f9b53f9e58e116c945e5e965c3f1e172c5e84cd/coverage-7.16.2-cp312-cp312-win_amd64.whl", hash = "sha256:e6c52d3307824ff93b39efd99e4185d557db40bd841452abfb32e5d9151ca162", size = 226569, upload-time = "2026-09-27T12:26:36.604Z" },
    { url = "https://files.pythonhosted.org/packages/3e/c1/bccc58ebe5489cc70628f635c1932fd371f5d7da850dbcf960f95f4c4afc/coverage-7.16.2-cp312-cp312-win_arm64.whl", hash = "sha256:a678c0b6b22086ec2427359d22e37445d4a792f5fdbbc744112c7dade65cad02", size = 226372, upload-time = "2026-09-27T12:26:38.406Z" },
    { url = "https://files.pythonhosted.org/packages/3f/0c/7a64e1ac90541a8edf50daef0914848011fb057a5bf55284a4811e21939a/coverage-7.16.2-py3-none-any.whl", hash = "sha256:11d28e9123a9156cb405d8d27b44256c9a58fb5decc2073a8f17862057e3aa0f", size = 215754, upload-time = "2026-09-27T12:28:59.075Z" },
]

[[package]]
name = "defusedxml"
version = "0.7.1"
source = { registry = "https://pypi.org/simple" }
sdist = { url = "https://files.pythonhosted.org/packages/0f/d5/c66da9b79e5bdb124974bfe172b4daf3c984ebd9c2a06e2b8a4dc7331c72/defusedxml-0.7.1.tar.gz", hash = "sha256:1bb3032db185915b62d7c6209c5a8792be6a32ab2fedacc84e01b52c51aa3e69", size = 75520, upload-time = "2021-03-08T10:59:26.269Z" }
wheels = [
    { url = "https://files.pythonhosted.org/packages/07/6c/aa3f2f849e01cb6a001cd8554a88d4c77c5c1a31c95bdf1cf9301e6d9ef4/defusedxml-0.7.1-py2.py3-none-any.whl", hash = "sha256:a352e7e428770286cc899e2542b6cdaedb2b4953ff269a210103ec58f6198a61", size = 25604, upload-time = "2021-03-08T10:59:24.45Z" },
]

[[package]]
name = "iniconfig"
version = "2.3.0"
source = { registry = "https://pypi.org/simple" }
sdist = { url = "https://files.pythonhosted.org/packages/72/34/14ca021ce8e5dfedc35312d08ba8bf51fdd999c576889fc2c24cb97f4f10/iniconfig-2.3.0.tar.gz", hash = "sha256:c76315c77db068650d49c5b56314774a7804df16fee4402c1f19d6d15d8c4730", size = 20503, upload-time = "2025-10-18T21:55:43.219Z" }
wheels = [
    { url = "https://files.pythonhosted.org/packages/cb/b1/3846dd7f199d53cb17f49cba7e651e9ce294d8497c8c150530ed11865bb8/iniconfig-2.3.0-py3-none-any.whl", hash = "sha256:f631c04d2c48c52b84d0d0549c99ff3859c98df65b3101406327ecc7d53fbf12", size = 7484, upload-time = "2025-10-18T21:55:41.639Z" },
]

[[package]]
name = "joblib"
version = "1.6.0"
source = { registry = "https://pypi.org/simple" }
dependencies = [
    { name = "cloudpickle" },
]
sdist = { url = "https://files.pythonhosted.org/packages/d5/1d/537ab090f302b838943a1b56497dd53059b9a9b46a074936470173a2e207/joblib-1.6.0.tar.gz", hash = "sha256:2ccc96785b12046c08fd6d55839c12857831b54a3c1673ffadd2f04bfc4eda03", size = 327903, upload-time = "2026-08-31T09:39:04.122Z" }
wheels = [
    { url = "https://files.pythonhosted.org/packages/18/53/84099323c2ec4be98d935f63c033ac4151ee83836ca1050ede3b3aadf155/joblib-1.6.0-py3-none-any.whl", hash = "sha256:3dbbf9f6e4b592a2357b854608e980fe6390d131d7a82f011a377ef2ebef7aba", size = 306115, upload-time = "2026-08-31T09:39:02.298Z" },
]

[[package]]
name = "nltk"
version = "3.10.3"
source = { registry = "https://pypi.org/simple" }
dependencies = [
    { name = "click" },
    { name = "defusedxml" },
    { name = "joblib" },
    { name = "regex" },
    { name = "tqdm" },
]
sdist = { url = "https://files.pythonhosted.org/packages/e0/e6/fe51d2bb1a3b446f59c5c8165999a9fee208bc346af90a7cbf7657bc0d75/nltk-3.10.3.tar.gz", hash = "sha256:bb9327a461c3811c2fa4900e03840401f2126adfb30c0072827c433bd2444ea4", size = 5137152, upload-time = "2026-08-12T23:46:37.258Z" }
wheels = [
    { url = "https://files.pythonhosted.org/packages/b6/6d/ebd2af4640b12168fdf0cb74b6118df2f32a2f62ec7e0c06fbfd80706639/nltk-3.10.3-py3-none-any.whl", hash = "sha256:ff9598a8e20518ee0d557745890cc4435b9578489e2dcbc69c4f81fa060caf7c", size = 1798643, upload-time = "2026-08-12T23:44:13.478Z" },
]

[[package]]
name = "packaging"
version = "26.3"
source = { registry = "https://pypi.org/simple" }
sdist = { url = "https://files.pythonhosted.org/packages/7d/fa/3944b40b07da9ce895c0e6303a5ab7d53da063554f534556b134a54d6093/packaging-26.3.tar.gz", hash = "sha256:94edc256424af38762eb31306eed28beb9f0efc50a8837492c9d6fd6004aed79", size = 313412, upload-time = "2026-08-04T18:15:28.737Z" }
wheels = [
    { url = "https://files.pythonhosted.org/packages/63/34/ba1c580383c9eada3711951fef0795c80b829a078d72188184bcab9dd527/packaging-26.3-py3-none-any.whl", hash = "sha256:d7193f7c8e4e93f444fde0262bf90af30e16fa0ad0ad44cb553c87339b23cd1c", size = 129956, upload-time = "2026-08-04T18:15:27.159Z" },
]

[[package]]
name = "pluggy"
version = "1.6.0"
source = { registry = "https://pypi.org/simple" }
sdist = { url = "https://files.pythonhosted.org/packages/f9/e2/3e91f31a7d2b083fe6ef3fa267035b518369d9511ffab804f839851d2779/pluggy-1.6.0.tar.gz", hash = "sha256:7dcc130b76258d33b90f61b658791dede3486c3e6bfb003ee5c9bfb396dd22f3", size = 69412, upload-time = "2025-05-15T12:30:07.975Z" }
wheels = [
    { url = "https://files.pythonhosted.org/packages/54/20/4d324d65cc6d9205fabedc306948156824eb9f0ee1633355a8f7ec5c66bf/pluggy-1.6.0-py3-none-any.whl", hash = "sha256:e920276dd6813095e9377c0bc5566d94c932c33b27a3e3945d8389c374dd4746", size = 20538, upload-time = "2025-05-15T12:30:06.134Z" },
]

[[package]]
name = "pygments"
version = "2.21.0"
source = { registry = "https://pypi.org/simple" }
sdist = { url = "https://files.pythonhosted.org/packages/49/2e/ced460408999b33da6b31b0021b0f37d329e202d4169aeb164493778f25b/pygments-2.21.0.tar.gz", hash = "sha256:610ca751c9bc2492b38eb9a38a7fbc93edbbb2d7182edaf34e66ae493dee5c8c", size = 5005329, upload-time = "2026-08-17T08:02:48.824Z" }
wheels = [
    { url = "https://files.pythonhosted.org/packages/71/46/17f022dd3e953bf20a04a028a21ec746d942f8d2af30fa0f124fa0e6a684/pygments-2.21.0-py3-none-any.whl", hash = "sha256:2363c69b61c4a97c838da3b130dcd6468f4848992b21a82f2a63ec34377137d9", size = 1250147, upload-time = "2026-08-17T08:02:44.912Z" },
]

[[package]]
name = "pyphen"
version = "0.18.1"
source = { registry = "https://pypi.org/simple" }
sdist = { url = "https://files.pythonhosted.org/packages/94/47/8430452269cd28863d73b903d07d329d058cf762527ff211b3864ba61fc7/pyphen-0.18.1.tar.gz", hash = "sha256:dbae6fbbe4f01cb206108b43573d857c67107be9d0e38eb1b08d6fa2210634a7", size = 2116411, upload-time = "2026-08-14T11:30:12.083Z" }
wheels = [
    { url = "https://files.pythonhosted.org/packages/ec/1d/23801cf008f71575f0a4800463f349afa5f04b27fe783178a45cdc4d5edf/pyphen-0.18.1-py3-none-any.whl", hash = "sha256:0aa9051e15928cecadd4c632cea0258ba57215b2a197a39baa46abcdb0f47e84", size = 2116143, upload-time = "2026-08-14T11:30:10.428Z" },
]

[[package]]
name = "pytest"
version = "9.1.1"
source = { registry = "https://pypi.org/simple" }
dependencies = [
    { name = "colorama", marker = "sys_platform == 'win32'" },
    { name = "iniconfig" },
    { name = "packaging" },
    { name = "pluggy" },
    { name = "pygments" },
]
sdist = { url = "https://files.pythonhosted.org/packages/e4/47/b9efed96c114afcfa3c9d3fe98a76a1d14c74a9e266d397cf6eb64be5e01/pytest-9.1.1.tar.gz", hash = "sha256:1088fbde8f2b49d95a549a195707afa7a76a3ce9bcadc26b6d71f0ffda5fe313", size = 1636369, upload-time = "2026-06-19T10:58:32.857Z" }
wheels = [
    { url = "https://files.pythonhosted.org/packages/24/25/1de2678b631f5a49215c6c96fff41ba892b0a34df68d6d80292b1b48aa7f/pytest-9.1.1-py3-none-any.whl", hash = "sha256:37a86b45efb9a47a61a36449063e8e18d0cab3161329fc099eb21783169c4f0c", size = 386536, upload-time = "2026-06-19T10:58:31.347Z" },
]

[[package]]
name = "pytest-cov"
version = "7.1.0"
source = { registry = "https://pypi.org/simple" }
dependencies = [
    { name = "coverage" },
    { name = "pluggy" },
    { name = "pytest" },
]
sdist = { url = "https://files.pythonhosted.org/packages/b1/51/a849f96e117386044471c8ec2bd6cfebacda285da9525c9106aeb28da671/pytest_cov-7.1.0.tar.gz", hash = "sha256:30674f2b5f6351aa09702a9c8c364f6a01c27aae0c1366ae8016160d1efc56b2", size = 55592, upload-time = "2026-03-21T20:11:16.284Z" }
wheels = [
    { url = "https://files.pythonhosted.org/packages/9d/7a/d968e294073affff457b041c2be9868a40c1c71f4a35fcc1e45e5493067b/pytest_cov-7.1.0-py3-none-any.whl", hash = "sha256:a0461110b7865f9a271aa1b51e516c9a95de9d696734a2f71e3e78f46e1d4678", size = 22876, upload-time = "2026-03-21T20:11:14.438Z" },
]

[[package]]
name = "regex"
version = "2026.9.29"
source = { registry = "https://pypi.org/simple" }
sdist = { url = "https://files.pythonhosted.org/packages/fc/f2/af1da9d3ceed77bfcdce40427d49ba0be94e4fe84245e3bfef68c10e75b6/regex-2026.9.29.tar.gz", hash = "sha256:8b5fcc4771732191b2b7d1dd68d8f0353f47f8d90b6150f6dce58bf1112442cb", size = 419199, upload-time = "2026-09-29T00:49:58.298Z" }
wheels = [
    { url = "https://files.pythonhosted.org/packages/84/48/3fdcde9a0baa84d7d25571223265d6e434e114763b438601d54a8028bf3e/regex-2026.9.29-cp312-cp312-macosx_10_13_universal2.whl", hash = "sha256:dc79d36d0618752265f0d575915bdc5c5130ecb9c9f6b3bcefeae32e4bdfafcf", size = 497903, upload-time = "2026-09-29T00:46:38.938Z" },
    { url = "https://files.pythonhosted.org/packages/2e/1c/4ee3e97c76f53940488dfe7a7e18705e78daac8cd7fb161d246b9e328449/regex-2026.9.29-cp312-cp312-macosx_10_13_x86_64.whl", hash = "sha256:3a21a9509d0ee88e7a70e1ad228cd2f0e0fd1e187458db132e8a8d18c97daf9d", size = 296416, upload-time = "2026-09-29T00:46:40.406Z" },
    { url = "https://files.pythonhosted.org/packages/37/14/f3f0ba083d2094392d5eabf56db5ea6ba469fd6e927afd187042054ea68a/regex-2026.9.29-cp312-cp312-macosx_11_0_arm64.whl", hash = "sha256:f57dc6b8fef170f105d2cf5cdce254f47b137d7755086cf7050f47e16582abba", size = 293633, upload-time = "2026-09-29T00:46:41.959Z" },
    { url = "https://files.pythonhosted.org/packages/c9/72/67e7a8ce17f1aea49df215564048efb49cc8c2b31a0e0fc30f36838f8516/regex-2026.9.29-cp312-cp312-manylinux2014_aarch64.manylinux_2_17_aarch64.manylinux_2_28_aarch64.whl", hash = "sha256:f93bc1c3486ef3747e07c9d7c1d0a147b8fbaab975f80e348aed6f71309dfaca", size = 805885, upload-time = "2026-09-29T00:46:43.373Z" },
    { url = "https://files.pythonhosted.org/packages/f6/78/25436bcfd4d2260b4b4090094d55d7ab53ec8a1ab4865a0b8bcb33c7d5c0/regex-2026.9.29-cp312-cp312-manylinux2014_ppc64le.manylinux_2_17_ppc64le.manylinux_2_28_ppc64le.whl", hash = "sha256:9e1d3a4cb7993b708f0ada8d0c84590efd853f169e7147d2202c9da503180242", size = 878344, upload-time = "2026-09-29T00:46:45.328Z" },
    { url = "https://files.pythonhosted.org/packages/97/e6/a09ec3a23ae41d6179880e67f0aace9284b2d95f2d7b326eff203f8eec5e/regex-2026.9.29-cp312-cp312-manylinux2014_s390x.manylinux_2_17_s390x.manylinux_2_28_s390x.whl", hash = "sha256:dabee8f4935e731fb46b2a3091bdda0d3d94b3bbfb907d2b4f12eefce4009619", size = 919181, upload-time = "2026-09-29T00:46:47.041Z" },
    { url = "https://files.pythonhosted.org/packages/26/83/d2fbd2e4e3afb1167daa825187d196f313cbaa1a4768f311fb041bb0e3d2/regex-2026.9.29-cp312-cp312-manylinux2014_x86_64.manylinux_2_17_x86_64.manylinux_2_28_x86_64.whl", hash = "sha256:39ab5894d971f9ac68baa6eca5c50387db579cfcacf36ae8df3feceb1815e6d0", size = 807783, upload-time = "2026-09-29T00:46:48.894Z" },
    { url = "https://files.pythonhosted.org/packages/46/0b/eb429a7016610d44fc89a597163f8c9127505f0d7dc724dc9effbb6a3ac0/regex-2026.9.29-cp312-cp312-manylinux_2_31_riscv64.manylinux_2_39_riscv64.whl", hash = "sha256:c1a9a6651197fbed6f0212591418b9def774fc3f8324f78d1bf0e6a63e5f8aa1", size = 783465, upload-time = "2026-09-29T00:46:50.64Z" },
    { url = "https://files.pythonhosted.org/packages/1b/07/58a3c0153c7476898430f6a7cf3d9062a1d17fbea4f43399ecaf411c7b4c/regex-2026.9.29-cp312-cp312-musllinux_1_2_aarch64.whl", hash = "sha256:87fb80cbe3557e27e7b28b995c2b2eedf689b8886f941ab93e0e288f0976518a", size = 793519, upload-time = "2026-09-29T00:46:52.396Z" },
    { url = "https://files.pythonhosted.org/packages/2a/e8/161b94d39164520e21a7befe0245569bf7fda4c7cf1fc4e2df2b5def49da/regex-2026.9.29-cp312-cp312-musllinux_1_2_ppc64le.whl", hash = "sha256:3c5c2ef13797466aa64170cbb66ad98a32351dd4127694cea7199f80f213750d", size = 869293, upload-time = "2026-09-29T00:46:54.128Z" },
    { url = "https://files.pythonhosted.org/packages/8f/07/3b02ed829aa2decdc1955d222bd1e2f99d1c8bb4873bbb9a66b2f0a36bff/regex-2026.9.29-cp312-cp312-musllinux_1_2_riscv64.whl", hash = "sha256:59b49507f47479e299a9e1bc41b5cb83a7afda0540625f1dbae886615978acbf", size = 770239, upload-time = "2026-09-29T00:46:56.106Z" },
    { url = "https://files.pythonhosted.org/packages/42/5b/ba61f6fe062eb8562e742367d177bb75370434138ef6c9d2a27114f8d613/regex-2026.9.29-cp312-cp312-musllinux_1_2_s390x.whl", hash = "sha256:0dd8af32e9f7b56b7f95cc1fd79b23054c3bdc172392ae560acc24d57b7ffe71", size = 861973, upload-time = "2026-09-29T00:46:57.665Z" },
    { url = "https://files.pythonhosted.org/packages/cc/27/767259b20e8a842948990f5e99138d6c077248fd42f8b5468b1d9ca4b814/regex-2026.9.29-cp312-cp312-musllinux_1_2_x86_64.whl", hash = "sha256:db5e82ba15c142425b8406690032df89e39cca4a2e8afbbb9a3d84edc2373ac3", size = 796470, upload-time = "2026-09-29T00:46:59.236Z" },
    { url = "https://files.pythonhosted.org/packages/a0/05/2566c4ba849b68a8ab81a6bf428fa79d20aae7ddee83979103c0381df254/regex-2026.9.29-cp312-cp312-win32.whl", hash = "sha256:d0c3082bf79bcd6a614d55916590ad4b8f93200e10b97f463ea5d9d07c9b5f23", size = 269327, upload-time = "2026-09-29T00:47:01.135Z" },
    { url = "https://files.pythonhosted.org/packages/93/19/489bc8db91196381c935752df01ba3f607140daece33b78d88573f028e64/regex-2026.9.29-cp312-cp312-win_amd64.whl", hash = "sha256:fdd88ed5e20b1bcdd234421e454962c971aa44b653bdb7f1ea9ef683e90fb649", size = 280334, upload-time = "2026-09-29T00:47:04.436Z" },
    { url = "https://files.pythonhosted.org/packages/0b/47/fb88ba779d0e5e7d4b0ec1aceeb13845948a2cb876bd572a2d1dfdba090b/regex-2026.9.29-cp312-cp312-win_arm64.whl", hash = "sha256:4fe97894d1b306c919b4e50def1e6f6c522f4d03a7283811f4d108f1ce5d3ac2", size = 279614, upload-time = "2026-09-29T00:47:06.541Z" },
]

[[package]]
name = "ruff"
version = "0.16.10"
source = { registry = "https://pypi.org/simple" }
sdist = { url = "https://files.pythonhosted.org/packages/c4/49/23802c45f093eb14bde54b141d2b2f058edfa63a06db7beed047308cc08f/ruff-0.16.10.tar.gz", hash = "sha256:eff4728c4eaae93f0955cd264d24b2ab348e74bf59986ccf282ba6dc16b3b017", size = 4958724, upload-time = "2026-10-01T18:03:21.697Z" }
wheels = [
    { url = "https://files.pythonhosted.org/packages/2f/21/ebce22e1d90cdb2cd691026b9c6e9bec6499f0b396089481755b5d49efff/ruff-0.16.10-py3-none-linux_armv6l.whl", hash = "sha256:488b0fe3f3574210e5cf80d9f59b9e3ab17a127a8155de3f307b392589cfb511", size = 10095557, upload-time = "2026-10-01T18:02:36.072Z" },
    { url = "https://files.pythonhosted.org/packages/cb/98/a54de85876a8b2612bfa0d84c7b9abfb39c6a3354aee7800b09c1649b9e3/ruff-0.16.10-py3-none-macosx_10_12_x86_64.whl", hash = "sha256:e748ff95c934c4e978783b8e687bc174e7bd84e8ad24e3243e1ecfcda5e0282d", size = 10340577, upload-time = "2026-10-01T18:02:39.258Z" },
    { url = "https://files.pythonhosted.org/packages/9f/16/1a5a4a2657effe4806110f2b907313802f1367fcdbb29e8122766e407fab/ruff-0.16.10-py3-none-macosx_11_0_arm64.whl", hash = "sha256:3031a4a2e8e7b8a46f70be45f198c35a11ece509a94b80334d8d397a33c67550", size = 9774282, upload-time = "2026-10-01T18:02:41.79Z" },
    { url = "https://files.pythonhosted.org/packages/6e/fb/470085af734da396e68cd80fb0a3e7c109a459716ae59588c0f6fab8a17d/ruff-0.16.10-py3-none-manylinux_2_17_aarch64.manylinux2014_aarch64.whl", hash = "sha256:494401c86df4c4c25f69b9419605d944467ee98c42fb6ad405ef4fa40b8fb67d", size = 9920895, upload-time = "2026-10-01T18:02:44.458Z" },
    { url = "https://files.pythonhosted.org/packages/57/de/f10cffe4f88a37ea6615ec460f01bf76f0bc1477737a35d9ee61a630a78b/ruff-0.16.10-py3-none-manylinux_2_17_armv7l.manylinux2014_armv7l.whl", hash = "sha256:d203abc0ff2b773ee33d00ab8df0bb67046fbc7c07b119332f08b9b345cf8221", size = 9902707, upload-time = "2026-10-01T18:02:47.041Z" },
    { url = "https://files.pythonhosted.org/packages/ff/44/3fdcedf83ae60ef837dd239170e480dce606a9142cfa2db911afdf855fd9/ruff-0.16.10-py3-none-manylinux_2_17_i686.manylinux2014_i686.whl", hash = "sha256:bd83d1235a5258d318477bc5b576303974cbdef5df0c01a1bff14efcc23bd12a", size = 10619287, upload-time = "2026-10-01T18:02:49.485Z" },
    { url = "https://files.pythonhosted.org/packages/c1/62/02e76a5574002153618eafbb70e159468addc72a5d2c488e65cbb4639d2d/ruff-0.16.10-py3-none-manylinux_2_17_ppc64le.manylinux2014_ppc64le.whl", hash = "sha256:bc2610fb269fa56dd8a68669ae470fa6272902668c0fc2ebc3aa112b2633d5b8", size = 11339942, upload-time = "2026-10-01T18:02:52.008Z" },
    { url = "https://files.pythonhosted.org/packages/6b/c4/cde27d47ad8d4126c587e608c67c46e7feac11763f606d261a1bc8a489e6/ruff-0.16.10-py3-none-manylinux_2_17_s390x.manylinux2014_s390x.whl", hash = "sha256:3e70175e29cc94c26ea296c80e470180b744b7419026898e58f520c6ab32578e", size = 10934316, upload-time = "2026-10-01T18:02:54.811Z" },
    { url = "https://files.pythonhosted.org/packages/e4/03/17234145f302a645a123e8c3bb2411ecf4669fbc350de3b0d803230a1729/ruff-0.16.10-py3-none-manylinux_2_17_x86_64.manylinux2014_x86_64.whl", hash = "sha256:f33f43a864a8483eebd160e713336c8bab02c934feaff0a33cf5ccb41546d09a", size = 10387968, upload-time = "2026-10-01T18:02:57.497Z" },
    { url = "https://files.pythonhosted.org/packages/71/29/2493af60240ee7644b38a4b821f5f9c3b5a4fa3178770fe1d0c685217395/ruff-0.16.10-py3-none-manylinux_2_31_riscv64.whl", hash = "sha256:1dfc6f0088149fb6a362c1c446bcbb3fd2157b3852fe2fa68409276eab9ad9b3", size = 10537906, upload-time = "2026-10-01T18:03:00.006Z" },
    { url = "https://files.pythonhosted.org/packages/2e/9a/f56b28f3b143bb9e518c34fb89ab191b626bca8b70dbf8af0d2e2d473572/ruff-0.16.10-py3-none-musllinux_1_2_aarch64.whl", hash = "sha256:6553498afc35f580f036030795810b9e6bcea31604b0fd9e8d352795473042e3", size = 10012938, upload-time = "2026-10-01T18:03:03.006Z" },
    { url = "https://files.pythonhosted.org/packages/c2/c4/fca37362848ea4d4d80712df13632e645e7c7cfb1bdedf140699ac7a090b/ruff-0.16.10-py3-none-musllinux_1_2_armv7l.whl", hash = "sha256:a3b8471dea115d37f123882be852bed13403746d3a76c11de4a19ec5f9ff5a03", size = 9897945, upload-time = "2026-10-01T18:03:05.818Z" },
    { url = "https://files.pythonhosted.org/packages/7d/c7/e0bc57664d6e0c61fd22f620af260fe9662d7e1ddb320ea7f160e76ef165/ruff-0.16.10-py3-none-musllinux_1_2_i686.whl", hash = "sha256:92e59a70bcbd9d3a5483656da906ec28edfdacfce00afd99edb8b4e9d15644be", size = 10333134, upload-time = "2026-10-01T18:03:08.25Z" },
    { url = "https://files.pythonhosted.org/packages/21/aa/5c9f3b68737c0e4a33a1db5dfab44f7b786d96ca91a7233112ddab1e6dc2/ruff-0.16.10-py3-none-musllinux_1_2_x86_64.whl", hash = "sha256:7ae7375f803b5520dc9f546bed7e3a0acb70b91812e9bb4b19927de22f25b77d", size = 10741702, upload-time = "2026-10-01T18:03:10.775Z" },
    { url = "https://files.pythonhosted.org/packages/78/fa/0f9c2020dc316c53d983be011720b8157cc052b97e3f4dfa7db6d0f880a6/ruff-0.16.10-py3-none-win32.whl", hash = "sha256:2a12e01cb9156c10c466f63b46eaae5ecea28dfbd21b5836353ae498e7d1349a", size = 10139176, upload-time = "2026-10-01T18:03:13.267Z" },
    { url = "https://files.pythonhosted.org/packages/99/29/cfb0df9448d4d4ad48c2de029ada9ebd71baa6da983a6c77ee6c6cd0fe82/ruff-0.16.10-py3-none-win_amd64.whl", hash = "sha256:97f2015c92aa97105b0eab19eb5d224884399281cfc5da86a92db4ab5e7fb2ca", size = 10584734, upload-time = "2026-10-01T18:03:16.006Z" },
    { url = "https://files.pythonhosted.org/packages/fc/05/c16957eb287c3fc062e032619a25868d93d408a844b725bcf514f7a378ff/ruff-0.16.10-py3-none-win_arm64.whl", hash = "sha256:25a65fe998c4e6861ec079ada5826a2fc605e6cbccbe9dcd7fac1f54e791621b", size = 10366440, upload-time = "2026-10-01T18:03:19.04Z" },
]

[[package]]
name = "setuptools"
version = "84.0.0"
source = { registry = "https://pypi.org/simple" }
sdist = { url = "https://files.pythonhosted.org/packages/6d/44/f5da03a8ef95d369145c5bb53050e7877c9f3d312e128605fd9504829143/setuptools-84.0.0.tar.gz", hash = "sha256:f4695c21257f0d9b537ec2692c941d02ee143b7cc1276941349a546573b2ef73", size = 1168449, upload-time = "2026-08-08T18:27:58.365Z" }
wheels = [
    { url = "https://files.pythonhosted.org/packages/95/9c/c510029fc6ef33a6275cd2c5d3cecd6613dfd6aa401d57c54f1c18852ccf/setuptools-84.0.0-py3-none-any.whl", hash = "sha256:51a52592b3b99e102b609654876bd65f19f999935166d1352678931132b0c670", size = 818216, upload-time = "2026-08-08T18:27:56.719Z" },
]

[[package]]
name = "textstat"
version = "0.7.13"
source = { registry = "https://pypi.org/simple" }
dependencies = [
    { name = "nltk" },
    { name = "pyphen" },
    { name = "setuptools" },
]
sdist = { url = "https://files.pythonhosted.org/packages/8c/0f/b673fcec5ad6e976b2e8368ef3651fe0fea3348a1191bacfcd41a17ddec6/textstat-0.7.13.tar.gz", hash = "sha256:a88d1da76287cd27ca4ce7bcba1ebaf2890544a5f0bb6a5758fa84cef3bceccb", size = 138932, upload-time = "2026-02-18T21:07:39.525Z" }
wheels = [
    { url = "https://files.pythonhosted.org/packages/ca/31/0eb4cc5bb021b4ceaaa602c59ba16ce99256b9dd30981bef3f3a53d8555f/textstat-0.7.13-py3-none-any.whl", hash = "sha256:04b1ec995d1e8b2e628759497e6b23204a9ec91dcd652447d8cbba9478f25471", size = 177050, upload-time = "2026-02-18T21:07:38.163Z" },
]

[[package]]
name = "tqdm"
version = "4.70.1"
source = { registry = "https://pypi.org/simple" }
dependencies = [
    { name = "colorama", marker = "sys_platform == 'win32'" },
]
sdist = { url = "https://files.pythonhosted.org/packages/0d/ea/b2a5bd54b28a324dae8211928b2d730b6547500342c7e6c6dea08bd0a485/tqdm-4.70.1.tar.gz", hash = "sha256:cefd0eca11b2a37a3aee776544d4f4ae913f02688135b5556b8788dfa474afc4", size = 171846, upload-time = "2026-09-11T07:25:16.601Z" }
wheels = [
    { url = "https://files.pythonhosted.org/packages/a7/03/921a3d3c75785aca9ebfbfcabfbc3a1be12e2ab5265deb026d55a5a3f83e/tqdm-4.70.1-py3-none-any.whl", hash = "sha256:c293e525e6fef9c20e8728fd4612df02a0aa31bb5fe91ecd93e123b1b7bffa73", size = 80199, upload-time = "2026-09-11T07:25:14.599Z" },
]
